
Microsoft Visual Studio Solution File, Format Version 12.00
# Visual Studio Version 17
VisualStudioVersion = 17.6.33723.286
MinimumVisualStudioVersion = 10.0.40219.1
Project("{FAE04EC0-301F-11D3-BF4B-00C04F79EFBC}") = "TraineesChallenge", "TraineesChallenge\TraineesChallenge.csproj", "{5948094F-1F13-4299-B742-B202409BB9A6}"
EndProject
Global
	GlobalSection(SolutionConfigurationPlatforms) = preSolution
		Debug|Any CPU = Debug|Any CPU
		Release|Any CPU = Release|Any CPU
	EndGlobalSection
	GlobalSection(ProjectConfigurationPlatforms) = postSolution
		{5948094F-1F13-4299-B742-B202409BB9A6}.Debug|Any CPU.ActiveCfg = Debug|Any CPU
		{5948094F-1F13-4299-B742-B202409BB9A6}.Debug|Any CPU.Build.0 = Debug|Any CPU
		{5948094F-1F13-4299-B742-B202409BB9A6}.Release|Any CPU.ActiveCfg = Release|Any CPU
		{5948094F-1F13-4299-B742-B202409BB9A6}.Release|Any CPU.Build.0 = Release|Any CPU
	EndGlobalSection
	GlobalSection(SolutionProperties) = preSolution
		HideSolutionNode = FALSE
	EndGlobalSection
	GlobalSection(ExtensibilityGlobals) = postSolution
		SolutionGuid = {DD6F9157-AF5F-4F6C-83C3-DAD891C6E96B}
	EndGlobalSection
EndGlobal
